// !$*UTF8*$!
{
	archiveVersion = 1;
	classes = {
	};
	objectVersion = 50;
	objects = {

/* Begin PBXBuildFile section */
		8639EA69241FC5E500A1E4EB /* AppDelegate.swift in Sources */ = {isa = PBXBuildFile; fileRef = 8639EA68241FC5E500A1E4EB /* AppDelegate.swift */; };
		8639EA6B241FC5E500A1E4EB /* SceneDelegate.swift in Sources */ = {isa = PBXBuildFile; fileRef = 8639EA6A241FC5E500A1E4EB /* SceneDelegate.swift */; };
		8639EA6D241FC5E500A1E4EB /* GoalsVc.swift in Sources */ = {isa = PBXBuildFile; fileRef = 8639EA6C241FC5E500A1E4EB /* GoalsVc.swift */; };
		8639EA70241FC5E500A1E4EB /* Main.storyboard in Resources */ = {isa = PBXBuildFile; fileRef = 8639EA6E241FC5E500A1E4EB /* Main.storyboard */; };
		8639EA73241FC5E500A1E4EB /* goalpost_app.xcdatamodeld in Sources */ = {isa = PBXBuildFile; fileRef = 8639EA71241FC5E500A1E4EB /* goalpost_app.xcdatamodeld */; };
		8639EA75241FC5EA00A1E4EB /* Assets.xcassets in Resources */ = {isa = PBXBuildFile; fileRef = 8639EA74241FC5EA00A1E4EB /* Assets.xcassets */; };
		8639EA78241FC5EA00A1E4EB /* LaunchScreen.storyboard in Resources */ = {isa = PBXBuildFile; fileRef = 8639EA76241FC5EA00A1E4EB /* LaunchScreen.storyboard */; };
		8639EA82241FD5C900A1E4EB /* GoalCell.swift in Sources */ = {isa = PBXBuildFile; fileRef = 8639EA81241FD5C900A1E4EB /* GoalCell.swift */; };
		8642F5042420EFE8006D1BE7 /* GoalType.swift in Sources */ = {isa = PBXBuildFile; fileRef = 8642F5032420EFE8006D1BE7 /* GoalType.swift */; };
/* End PBXBuildFile section */

/* Begin PBXFileReference section */
		8639EA65241FC5E500A1E4EB /* goalpost-app.app */ = {isa = PBXFileReference; explicitFileType = wrapper.application; includeInIndex = 0; path = "goalpost-app.app"; sourceTree = BUILT_PRODUCTS_DIR; };
		8639EA68241FC5E500A1E4EB /* AppDelegate.swift */ = {isa = PBXFileReference; lastKnownFileType = sourcecode.swift; path = AppDelegate.swift; sourceTree = "<group>"; };
		8639EA6A241FC5E500A1E4EB /* SceneDelegate.swift */ = {isa = PBXFileReference; lastKnownFileType = sourcecode.swift; path = SceneDelegate.swift; sourceTree = "<group>"; };
		8639EA6C241FC5E500A1E4EB /* GoalsVc.swift */ = {isa = PBXFileReference; lastKnownFileType = sourcecode.swift; path = GoalsVc.swift; sourceTree = "<group>"; };
		8639EA6F241FC5E500A1E4EB /* Base */ = {isa = PBXFileReference; lastKnownFileType = file.storyboard; name = Base; path = Base.lproj/Main.storyboard; sourceTree = "<group>"; };
		8639EA72241FC5E500A1E4EB /* goalpost_app.xcdatamodel */ = {isa = PBXFileReference; lastKnownFileType = wrapper.xcdatamodel; path = goalpost_app.xcdatamodel; sourceTree = "<group>"; };
		8639EA74241FC5EA00A1E4EB /* Assets.xcassets */ = {isa = PBXFileReference; lastKnownFileType = folder.assetcatalog; path = Assets.xcassets; sourceTree = "<group>"; };
		8639EA77241FC5EA00A1E4EB /* Base */ = {isa = PBXFileReference; lastKnownFileType = file.storyboard; name = Base; path = Base.lproj/LaunchScreen.storyboard; sourceTree = "<group>"; };
		8639EA79241FC5EA00A1E4EB /* Info.plist */ = {isa = PBXFileReference; lastKnownFileType = text.plist.xml; path = Info.plist; sourceTree = "<group>"; };
		8639EA81241FD5C900A1E4EB /* GoalCell.swift */ = {isa = PBXFileReference; lastKnownFileType = sourcecode.swift; path = GoalCell.swift; sourceTree = "<group>"; };
		8642F5032420EFE8006D1BE7 /* GoalType.swift */ = {isa = PBXFileReference; lastKnownFileType = sourcecode.swift; path = GoalType.swift; sourceTree = "<group>"; };
/* End PBXFileReference section */

/* Begin PBXFrameworksBuildPhase section */
		8639EA62241FC5E500A1E4EB /* Frameworks */ = {
			isa = PBXFrameworksBuildPhase;
			buildActionMask = 2147483647;
			files = (
			);
			runOnlyForDeploymentPostprocessing = 0;
		};
/* End PBXFrameworksBuildPhase section */

/* Begin PBXGroup section */
		8639EA5C241FC5E500A1E4EB = {
			isa = PBXGroup;
			children = (
				8639EA67241FC5E500A1E4EB /* goalpost-app */,
				8639EA66241FC5E500A1E4EB /* Products */,
			);
			sourceTree = "<group>";
		};
		8639EA66241FC5E500A1E4EB /* Products */ = {
			isa = PBXGroup;
			children = (
				8639EA65241FC5E500A1E4EB /* goalpost-app.app */,
			);
			name = Products;
			sourceTree = "<group>";
		};
		8639EA67241FC5E500A1E4EB /* goalpost-app */ = {
			isa = PBXGroup;
			children = (
				8642F5022420EFCF006D1BE7 /* Enums */,
				8639EA80241FC5FF00A1E4EB /* View */,
				8639EA7F241FC5F400A1E4EB /* Controller */,
				8639EA68241FC5E500A1E4EB /* AppDelegate.swift */,
				8639EA6A241FC5E500A1E4EB /* SceneDelegate.swift */,
				8639EA6E241FC5E500A1E4EB /* Main.storyboard */,
				8639EA74241FC5EA00A1E4EB /* Assets.xcassets */,
				8639EA76241FC5EA00A1E4EB /* LaunchScreen.storyboard */,
				8639EA79241FC5EA00A1E4EB /* Info.plist */,
				8639EA71241FC5E500A1E4EB /* goalpost_app.xcdatamodeld */,
			);
			path = "goalpost-app";
			sourceTree = "<group>";
		};
		8639EA7F241FC5F400A1E4EB /* Controller */ = {
			isa = PBXGroup;
			children = (
				8639EA6C241FC5E500A1E4EB /* GoalsVc.swift */,
			);
			path = Controller;
			sourceTree = "<group>";
		};
		8639EA80241FC5FF00A1E4EB /* View */ = {
			isa = PBXGroup;
			children = (
				8639EA81241FD5C900A1E4EB /* GoalCell.swift */,
			);
			path = View;
			sourceTree = "<group>";
		};
		8642F5022420EFCF006D1BE7 /* Enums */ = {
			isa = PBXGroup;
			children = (
				8642F5032420EFE8006D1BE7 /* GoalType.swift */,
			);
			path = Enums;
			sourceTree = "<group>";
		};
/* End PBXGroup section */

/* Begin PBXNativeTarget section */
		8639EA64241FC5E500A1E4EB /* goalpost-app */ = {
			isa = PBXNativeTarget;
			buildConfigurationList = 8639EA7C241FC5EA00A1E4EB /* Build configuration list for PBXNativeTarget "goalpost-app" */;
			buildPhases = (
				8639EA61241FC5E500A1E4EB /* Sources */,
				8639EA62241FC5E500A1E4EB /* Frameworks */,
				8639EA63241FC5E500A1E4EB /* Resources */,
			);
			buildRules = (
			);
			dependencies = (
			);
			name = "goalpost-app";
			productName = "goalpost-app";
			productReference = 8639EA65241FC5E500A1E4EB /* goalpost-app.app */;
			productType = "com.apple.product-type.application";
		};
/* End PBXNativeTarget section */

/* Begin PBXProject section */
		8639EA5D241FC5E500A1E4EB /* Project object */ = {
			isa = PBXProject;
			attributes = {
				LastSwiftUpdateCheck = 1120;
				LastUpgradeCheck = 1120;
				ORGANIZATIONNAME = ME;
				TargetAttributes = {
					8639EA64241FC5E500A1E4EB = {
						CreatedOnToolsVersion = 11.2.1;
					};
				};
			};
			buildConfigurationList = 8639EA60241FC5E500A1E4EB /* Build configuration list for PBXProject "goalpost-app" */;
			compatibilityVersion = "Xcode 9.3";
			developmentRegion = en;
			hasScannedForEncodings = 0;
			knownRegions = (
				en,
				Base,
			);
			mainGroup = 8639EA5C241FC5E500A1E4EB;
			productRefGroup = 8639EA66241FC5E500A1E4EB /* Products */;
			projectDirPath = "";
			projectRoot = "";
			targets = (
				8639EA64241FC5E500A1E4EB /* goalpost-app */,
			);
		};
/* End PBXProject section */

/* Begin PBXResourcesBuildPhase section */
		8639EA63241FC5E500A1E4EB /* Resources */ = {
			isa = PBXResourcesBuildPhase;
			buildActionMask = 2147483647;
			files = (
				8639EA78241FC5EA00A1E4EB /* LaunchScreen.storyboard in Resources */,
				8639EA75241FC5EA00A1E4EB /* Assets.xcassets in Resources */,
				8639EA70241FC5E500A1E4EB /* Main.storyboard in Resources */,
			);
			runOnlyForDeploymentPostprocessing = 0;
		};
/* End PBXResourcesBuildPhase section */

/* Begin PBXSourcesBuildPhase section */
		8639EA61241FC5E500A1E4EB /* Sources */ = {
			isa = PBXSourcesBuildPhase;
			buildActionMask = 2147483647;
			files = (
				8639EA6D241FC5E500A1E4EB /* GoalsVc.swift in Sources */,
				8639EA69241FC5E500A1E4EB /* AppDelegate.swift in Sources */,
				8642F5042420EFE8006D1BE7 /* GoalType.swift in Sources */,
				8639EA73241FC5E500A1E4EB /* goalpost_app.xcdatamodeld in Sources */,
				8639EA82241FD5C900A1E4EB /* GoalCell.swift in Sources */,
				8639EA6B241FC5E500A1E4EB /* SceneDelegate.swift in Sources */,
			);
			runOnlyForDeploymentPostprocessing = 0;
		};
/* End PBXSourcesBuildPhase section */

/* Begin PBXVariantGroup section */
		8639EA6E241FC5E500A1E4EB /* Main.storyboard */ = {
			isa = PBXVariantGroup;
			children = (
				8639EA6F241FC5E500A1E4EB /* Base */,
			);
			name = Main.storyboard;
			sourceTree = "<group>";
		};
		8639EA76241FC5EA00A1E4EB /* LaunchScreen.storyboard */ = {
			isa = PBXVariantGroup;
			children = (
				8639EA77241FC5EA00A1E4EB /* Base */,
			);
			name = LaunchScreen.storyboard;
			sourceTree = "<group>";
		};
/* End PBXVariantGroup section */

/* Begin XCBuildConfiguration section */
		8639EA7A241FC5EA00A1E4EB /* Debug */ = {
			isa = XCBuildConfiguration;
			buildSettings = {
				ALWAYS_SEARCH_USER_PATHS = NO;
				CLANG_ANALYZER_NONNULL = YES;
				CLANG_ANALYZER_NUMBER_OBJECT_CONVERSION = YES_AGGRESSIVE;
				CLANG_CXX_LANGUAGE_STANDARD = "gnu++14";
				CLANG_CXX_LIBRARY = "libc++";
				CLANG_ENABLE_MODULES = YES;
				CLANG_ENABLE_OBJC_ARC = YES;
				CLANG_ENABLE_OBJC_WEAK = YES;
				CLANG_WARN_BLOCK_CAPTURE_AUTORELEASING = YES;
				CLANG_WARN_BOOL_CONVERSION = YES;
				CLANG_WARN_COMMA = YES;
				CLANG_WARN_CONSTANT_CONVERSION = YES;
				CLANG_WARN_DEPRECATED_OBJC_IMPLEMENTATIONS = YES;
				CLANG_WARN_DIRECT_OBJC_ISA_USAGE = YES_ERROR;
				CLANG_WARN_DOCUMENTATION_COMMENTS = YES;
				CLANG_WARN_EMPTY_BODY = YES;
				CLANG_WARN_ENUM_CONVERSION = YES;
				CLANG_WARN_INFINITE_RECURSION = YES;
				CLANG_WARN_INT_CONVERSION = YES;
				CLANG_WARN_NON_LITERAL_NULL_CONVERSION = YES;
				CLANG_WARN_OBJC_IMPLICIT_RETAIN_SELF = YES;
				CLANG_WARN_OBJC_LITERAL_CONVERSION = YES;
				CLANG_WARN_OBJC_ROOT_CLASS = YES_ERROR;
				CLANG_WARN_RANGE_LOOP_ANALYSIS = YES;
				CLANG_WARN_STRICT_PROTOTYPES = YES;
				CLANG_WARN_SUSPICIOUS_MOVE = YES;
				CLANG_WARN_UNGUARDED_AVAILABILITY = YES_AGGRESSIVE;
				CLANG_WARN_UNREACHABLE_CODE = YES;
				CLANG_WARN__DUPLICATE_METHOD_MATCH = YES;
				COPY_PHASE_STRIP = NO;
				DEBUG_INFORMATION_FORMAT = dwarf;
				ENABLE_STRICT_OBJC_MSGSEND = YES;
				ENABLE_TESTABILITY = YES;
				GCC_C_LANGUAGE_STANDARD = gnu11;
				GCC_DYNAMIC_NO_PIC = NO;
				GCC_NO_COMMON_BLOCKS = YES;
				GCC_OPTIMIZATION_LEVEL = 0;
				GCC_PREPROCESSOR_DEFINITIONS = (
					"DEBUG=1",
					"$(inherited)",
				);
				GCC_WARN_64_TO_32_BIT_CONVERSION = YES;
				GCC_WARN_ABOUT_RETURN_TYPE = YES_ERROR;
				GCC_WARN_UNDECLARED_SELECTOR = YES;
				GCC_WARN_UNINITIALIZED_AUTOS = YES_AGGRESSIVE;
				GCC_WARN_UNUSED_FUNCTION = YES;
				GCC_WARN_UNUSED_VARIABLE = YES;
				IPHONEOS_DEPLOYMENT_TARGET = 13.2;
				MTL_ENABLE_DEBUG_INFO = INCLUDE_SOURCE;
				MTL_FAST_MATH = YES;
				ONLY_ACTIVE_ARCH = YES;
				SDKROOT = iphoneos;
				SWIFT_ACTIVE_COMPILATION_CONDITIONS = DEBUG;
				SWIFT_OPTIMIZATION_LEVEL = "-Onone";
			};
			name = Debug;
		};
		8639EA7B241FC5EA00A1E4EB /* Release */ = {
			isa = XCBuildConfiguration;
			buildSettings = {
				ALWAYS_SEARCH_USER_PATHS = NO;
				CLANG_ANALYZER_NONNULL = YES;
				CLANG_ANALYZER_NUMBER_OBJECT_CONVERSION = YES_AGGRESSIVE;
				CLANG_CXX_LANGUAGE_STANDARD = "gnu++14";
				CLANG_CXX_LIBRARY = "libc++";
				CLANG_ENABLE_MODULES = YES;
				CLANG_ENABLE_OBJC_ARC = YES;
				CLANG_ENABLE_OBJC_WEAK = YES;
				CLANG_WARN_BLOCK_CAPTURE_AUTORELEASING = YES;
				CLANG_WARN_BOOL_CONVERSION = YES;
				CLANG_WARN_COMMA = YES;
				CLANG_WARN_CONSTANT_CONVERSION = YES;
				CLANG_WARN_DEPRECATED_OBJC_IMPLEMENTATIONS = YES;
				CLANG_WARN_DIRECT_OBJC_ISA_USAGE = YES_ERROR;
				CLANG_WARN_DOCUMENTATION_COMMENTS = YES;
				CLANG_WARN_EMPTY_BODY = YES;
				CLANG_WARN_ENUM_CONVERSION = YES;
				CLANG_WARN_INFINITE_RECURSION = YES;
				CLANG_WARN_INT_CONVERSION = YES;
				CLANG_WARN_NON_LITERAL_NULL_CONVERSION = YES;
				CLANG_WARN_OBJC_IMPLICIT_RETAIN_SELF = YES;
				CLANG_WARN_OBJC_LITERAL_CONVERSION = YES;
				CLANG_WARN_OBJC_ROOT_CLASS = YES_ERROR;
				CLANG_WARN_RANGE_LOOP_ANALYSIS = YES;
				CLANG_WARN_STRICT_PROTOTYPES = YES;
				CLANG_WARN_SUSPICIOUS_MOVE = YES;
				CLANG_WARN_UNGUARDED_AVAILABILITY = YES_AGGRESSIVE;
				CLANG_WARN_UNREACHABLE_CODE = YES;
				CLANG_WARN__DUPLICATE_METHOD_MATCH = YES;
				COPY_PHASE_STRIP = NO;
				DEBUG_INFORMATION_FORMAT = "dwarf-with-dsym";
				ENABLE_NS_ASSERTIONS = NO;
				ENABLE_STRICT_OBJC_MSGSEND = YES;
				GCC_C_LANGUAGE_STANDARD = gnu11;
				GCC_NO_COMMON_BLOCKS = YES;
				GCC_WARN_64_TO_32_BIT_CONVERSION = YES;
				GCC_WARN_ABOUT_RETURN_TYPE = YES_ERROR;
				GCC_WARN_UNDECLARED_SELECTOR = YES;
				GCC_WARN_UNINITIALIZED_AUTOS = YES_AGGRESSIVE;
				GCC_WARN_UNUSED_FUNCTION = YES;
				GCC_WARN_UNUSED_VARIABLE = YES;
				IPHONEOS_DEPLOYMENT_TARGET = 13.2;
				MTL_ENABLE_DEBUG_INFO = NO;
				MTL_FAST_MATH = YES;
				SDKROOT = iphoneos;
				SWIFT_COMPILATION_MODE = wholemodule;
				SWIFT_OPTIMIZATION_LEVEL = "-O";
				VALIDATE_PRODUCT = YES;
			};
			name = Release;
		};
		8639EA7D241FC5EA00A1E4EB /* Debug */ = {
			isa = XCBuildConfiguration;
			buildSettings = {
				ASSETCATALOG_COMPILER_APPICON_NAME = AppIcon;
				CODE_SIGN_STYLE = Automatic;
				INFOPLIST_FILE = "goalpost-app/Info.plist";
				LD_RUNPATH_SEARCH_PATHS = (
					"$(inherited)",
					"@executable_path/Frameworks",
				);
				PRODUCT_BUNDLE_IDENTIFIER = "com.ios.goalpost-app";
				PRODUCT_NAME = "$(TARGET_NAME)";
				SWIFT_VERSION = 5.0;
				TARGETED_DEVICE_FAMILY = "1,2";
			};
			name = Debug;
		};
		8639EA7E241FC5EA00A1E4EB /* Release */ = {
			isa = XCBuildConfiguration;
			buildSettings = {
				ASSETCATALOG_COMPILER_APPICON_NAME = AppIcon;
				CODE_SIGN_STYLE = Automatic;
				INFOPLIST_FILE = "goalpost-app/Info.plist";
				LD_RUNPATH_SEARCH_PATHS = (
					"$(inherited)",
					"@executable_path/Frameworks",
				);
				PRODUCT_BUNDLE_IDENTIFIER = "com.ios.goalpost-app";
				PRODUCT_NAME = "$(TARGET_NAME)";
				SWIFT_VERSION = 5.0;
				TARGETED_DEVICE_FAMILY = "1,2";
			};
			name = Release;
		};
/* End XCBuildConfiguration section */

/* Begin XCConfigurationList section */
		8639EA60241FC5E500A1E4EB /* Build configuration list for PBXProject "goalpost-app" */ = {
			isa = XCConfigurationList;
			buildConfigurations = (
				8639EA7A241FC5EA00A1E4EB /* Debug */,
				8639EA7B241FC5EA00A1E4EB /* Release */,
			);
			defaultConfigurationIsVisible = 0;
			defaultConfigurationName = Release;
		};
		8639EA7C241FC5EA00A1E4EB /* Build configuration list for PBXNativeTarget "goalpost-app" */ = {
			isa = XCConfigurationList;
			buildConfigurations = (
				8639EA7D241FC5EA00A1E4EB /* Debug */,
				8639EA7E241FC5EA00A1E4EB /* Release */,
			);
			defaultConfigurationIsVisible = 0;
			defaultConfigurationName = Release;
		};
/* End XCConfigurationList section */

/* Begin XCVersionGroup section */
		8639EA71241FC5E500A1E4EB /* goalpost_app.xcdatamodeld */ = {
			isa = XCVersionGroup;
			children = (
				8639EA72241FC5E500A1E4EB /* goalpost_app.xcdatamodel */,
			);
			currentVersion = 8639EA72241FC5E500A1E4EB /* goalpost_app.xcdatamodel */;
			path = goalpost_app.xcdatamodeld;
			sourceTree = "<group>";
			versionGroupType = wrapper.xcdatamodel;
		};
/* End XCVersionGroup section */
	};
	rootObject = 8639EA5D241FC5E500A1E4EB /* Project object */;
}
